
Microsoft Visual Studio Solution File, Format Version 12.00
# Visual Studio Version 16
VisualStudioVersion = 16.0.31112.23
MinimumVisualStudioVersion = 10.0.40219.1
Project("{FAE04EC0-301F-11D3-BF4B-00C04F79EFBC}") = "FYP Mockup.UWP", "FYP Mockup.UWP\FYP Mockup.UWP.csproj", "{9A06FDBE-B997-4204-A9EA-AD9A9B5F2C08}"
EndProject
Project("{FAE04EC0-301F-11D3-BF4B-00C04F79EFBC}") = "FYP Mockup.Android", "FYP Mockup.Android\FYP Mockup.Android.csproj", "{A3CF4735-DA9E-4B97-98DB-0F70C8CEF5D4}"
EndProject
Project("{FAE04EC0-301F-11D3-BF4B-00C04F79EFBC}") = "FYP Mockup.iOS", "FYP Mockup.iOS\FYP Mockup.iOS.csproj", "{8642CD3A-B1EB-4C56-8FAE-D84E90AA0BE7}"
EndProject
Project("{FAE04EC0-301F-11D3-BF4B-00C04F79EFBC}") = "FYP Mockup", "FYP Mockup\FYP Mockup.csproj", "{DE14C05B-CAA4-4F6B-89D7-59E0150750C4}"
EndProject
Global
	GlobalSection(SolutionConfigurationPlatforms) = preSolution
		Debug|Any CPU = Debug|Any CPU
		Debug|ARM = Debug|ARM
		Debug|iPhone = Debug|iPhone
		Debug|iPhoneSimulator = Debug|iPhoneSimulator
		Debug|x64 = Debug|x64
		Debug|x86 = Debug|x86
		Release|Any CPU = Release|Any CPU
		Release|ARM = Release|ARM
		Release|iPhone = Release|iPhone
		Release|iPhoneSimulator = Release|iPhoneSimulator
		Release|x64 = Release|x64
		Release|x86 = Release|x86
	EndGlobalSection
	GlobalSection(ProjectConfigurationPlatforms) = postSolution
		{9A06FDBE-B997-4204-A9EA-AD9A9B5F2C08}.Debug|Any CPU.ActiveCfg = Debug|x86
		{9A06FDBE-B997-4204-A9EA-AD9A9B5F2C08}.Debug|Any CPU.Build.0 = Debug|x86
		{9A06FDBE-B997-4204-A9EA-AD9A9B5F2C08}.Debug|Any CPU.Deploy.0 = Debug|x86
		{9A06FDBE-B997-4204-A9EA-AD9A9B5F2C08}.Debug|ARM.ActiveCfg = Debug|ARM
		{9A06FDBE-B997-4204-A9EA-AD9A9B5F2C08}.Debug|ARM.Build.0 = Debug|ARM
		{9A06FDBE-B997-4204-A9EA-AD9A9B5F2C08}.Debug|ARM.Deploy.0 = Debug|ARM
		{9A06FDBE-B997-4204-A9EA-AD9A9B5F2C08}.Debug|iPhone.ActiveCfg = Debug|x86
		{9A06FDBE-B997-4204-A9EA-AD9A9B5F2C08}.Debug|iPhone.Build.0 = Debug|x86
		{9A06FDBE-B997-4204-A9EA-AD9A9B5F2C08}.Debug|iPhone.Deploy.0 = Debug|x86
		{9A06FDBE-B997-4204-A9EA-AD9A9B5F2C08}.Debug|iPhoneSimulator.ActiveCfg = Debug|x86
		{9A06FDBE-B997-4204-A9EA-AD9A9B5F2C08}.Debug|iPhoneSimulator.Build.0 = Debug|x86
		{9A06FDBE-B997-4204-A9EA-AD9A9B5F2C08}.Debug|iPhoneSimulator.Deploy.0 = Debug|x86
		{9A06FDBE-B997-4204-A9EA-AD9A9B5F2C08}.Debug|x64.ActiveCfg = Debug|x64
		{9A06FDBE-B997-4204-A9EA-AD9A9B5F2C08}.Debug|x64.Build.0 = Debug|x64
		{9A06FDBE-B997-4204-A9EA-AD9A9B5F2C08}.Debug|x64.Deploy.0 = Debug|x64
		{9A06FDBE-B997-4204-A9EA-AD9A9B5F2C08}.Debug|x86.ActiveCfg = Debug|x86
		{9A06FDBE-B997-4204-A9EA-AD9A9B5F2C08}.Debug|x86.Build.0 = Debug|x86
		{9A06FDBE-B997-4204-A9EA-AD9A9B5F2C08}.Debug|x86.Deploy.0 = Debug|x86
		{9A06FDBE-B997-4204-A9EA-AD9A9B5F2C08}.Release|Any CPU.ActiveCfg = Release|x86
		{9A06FDBE-B997-4204-A9EA-AD9A9B5F2C08}.Release|Any CPU.Build.0 = Release|x86
		{9A06FDBE-B997-4204-A9EA-AD9A9B5F2C08}.Release|Any CPU.Deploy.0 = Release|x86
		{9A06FDBE-B997-4204-A9EA-AD9A9B5F2C08}.Release|ARM.ActiveCfg = Release|ARM
		{9A06FDBE-B997-4204-A9EA-AD9A9B5F2C08}.Release|ARM.Build.0 = Release|ARM
		{9A06FDBE-B997-4204-A9EA-AD9A9B5F2C08}.Release|ARM.Deploy.0 = Release|ARM
		{9A06FDBE-B997-4204-A9EA-AD9A9B5F2C08}.Release|iPhone.ActiveCfg = Release|x86
		{9A06FDBE-B997-4204-A9EA-AD9A9B5F2C08}.Release|iPhone.Build.0 = Release|x86
		{9A06FDBE-B997-4204-A9EA-AD9A9B5F2C08}.Release|iPhone.Deploy.0 = Release|x86
		{9A06FDBE-B997-4204-A9EA-AD9A9B5F2C08}.Release|iPhoneSimulator.ActiveCfg = Release|x86
		{9A06FDBE-B997-4204-A9EA-AD9A9B5F2C08}.Release|iPhoneSimulator.Build.0 = Release|x86
		{9A06FDBE-B997-4204-A9EA-AD9A9B5F2C08}.Release|iPhoneSimulator.Deploy.0 = Release|x86
		{9A06FDBE-B997-4204-A9EA-AD9A9B5F2C08}.Release|x64.ActiveCfg = Release|x64
		{9A06FDBE-B997-4204-A9EA-AD9A9B5F2C08}.Release|x64.Build.0 = Release|x64
		{9A06FDBE-B997-4204-A9EA-AD9A9B5F2C08}.Release|x64.Deploy.0 = Release|x64
		{9A06FDBE-B997-4204-A9EA-AD9A9B5F2C08}.Release|x86.ActiveCfg = Release|x86
		{9A06FDBE-B997-4204-A9EA-AD9A9B5F2C08}.Release|x86.Build.0 = Release|x86
		{9A06FDBE-B997-4204-A9EA-AD9A9B5F2C08}.Release|x86.Deploy.0 = Release|x86
		{A3CF4735-DA9E-4B97-98DB-0F70C8CEF5D4}.Debug|Any CPU.ActiveCfg = Debug|Any CPU
		{A3CF4735-DA9E-4B97-98DB-0F70C8CEF5D4}.Debug|Any CPU.Build.0 = Debug|Any CPU
		{A3CF4735-DA9E-4B97-98DB-0F70C8CEF5D4}.Debug|Any CPU.Deploy.0 = Debug|Any CPU
		{A3CF4735-DA9E-4B97-98DB-0F70C8CEF5D4}.Debug|ARM.ActiveCfg = Debug|Any CPU
		{A3CF4735-DA9E-4B97-98DB-0F70C8CEF5D4}.Debug|ARM.Build.0 = Debug|Any CPU
		{A3CF4735-DA9E-4B97-98DB-0F70C8CEF5D4}.Debug|ARM.Deploy.0 = Debug|Any CPU
		{A3CF4735-DA9E-4B97-98DB-0F70C8CEF5D4}.Debug|iPhone.ActiveCfg = Debug|Any CPU
		{A3CF4735-DA9E-4B97-98DB-0F70C8CEF5D4}.Debug|iPhone.Build.0 = Debug|Any CPU
		{A3CF4735-DA9E-4B97-98DB-0F70C8CEF5D4}.Debug|iPhone.Deploy.0 = Debug|Any CPU
		{A3CF4735-DA9E-4B97-98DB-0F70C8CEF5D4}.Debug|iPhoneSimulator.ActiveCfg = Debug|Any CPU
		{A3CF4735-DA9E-4B97-98DB-0F70C8CEF5D4}.Debug|iPhoneSimulator.Build.0 = Debug|Any CPU
		{A3CF4735-DA9E-4B97-98DB-0F70C8CEF5D4}.Debug|iPhoneSimulator.Deploy.0 = Debug|Any CPU
		{A3CF4735-DA9E-4B97-98DB-0F70C8CEF5D4}.Debug|x64.ActiveCfg = Debug|Any CPU
		{A3CF4735-DA9E-4B97-98DB-0F70C8CEF5D4}.Debug|x64.Build.0 = Debug|Any CPU
		{A3CF4735-DA9E-4B97-98DB-0F70C8CEF5D4}.Debug|x64.Deploy.0 = Debug|Any CPU
		{A3CF4735-DA9E-4B97-98DB-0F70C8CEF5D4}.Debug|x86.ActiveCfg = Debug|Any CPU
		{A3CF4735-DA9E-4B97-98DB-0F70C8CEF5D4}.Debug|x86.Build.0 = Debug|Any CPU
		{A3CF4735-DA9E-4B97-98DB-0F70C8CEF5D4}.Debug|x86.Deploy.0 = Debug|Any CPU
		{A3CF4735-DA9E-4B97-98DB-0F70C8CEF5D4}.Release|Any CPU.ActiveCfg = Release|Any CPU
		{A3CF4735-DA9E-4B97-98DB-0F70C8CEF5D4}.Release|Any CPU.Build.0 = Release|Any CPU
		{A3CF4735-DA9E-4B97-98DB-0F70C8CEF5D4}.Release|Any CPU.Deploy.0 = Release|Any CPU
		{A3CF4735-DA9E-4B97-98DB-0F70C8CEF5D4}.Release|ARM.ActiveCfg = Release|Any CPU
		{A3CF4735-DA9E-4B97-98DB-0F70C8CEF5D4}.Release|ARM.Build.0 = Release|Any CPU
		{A3CF4735-DA9E-4B97-98DB-0F70C8CEF5D4}.Release|ARM.Deploy.0 = Release|Any CPU
		{A3CF4735-DA9E-4B97-98DB-0F70C8CEF5D4}.Release|iPhone.ActiveCfg = Release|Any CPU
		{A3CF4735-DA9E-4B97-98DB-0F70C8CEF5D4}.Release|iPhone.Build.0 = Release|Any CPU
		{A3CF4735-DA9E-4B97-98DB-0F70C8CEF5D4}.Release|iPhone.Deploy.0 = Release|Any CPU
		{A3CF4735-DA9E-4B97-98DB-0F70C8CEF5D4}.Release|iPhoneSimulator.ActiveCfg = Release|Any CPU
		{A3CF4735-DA9E-4B97-98DB-0F70C8CEF5D4}.Release|iPhoneSimulator.Build.0 = Release|Any CPU
		{A3CF4735-DA9E-4B97-98DB-0F70C8CEF5D4}.Release|iPhoneSimulator.Deploy.0 = Release|Any CPU
		{A3CF4735-DA9E-4B97-98DB-0F70C8CEF5D4}.Release|x64.ActiveCfg = Release|Any CPU
		{A3CF4735-DA9E-4B97-98DB-0F70C8CEF5D4}.Release|x64.Build.0 = Release|Any CPU
		{A3CF4735-DA9E-4B97-98DB-0F70C8CEF5D4}.Release|x64.Deploy.0 = Release|Any CPU
		{A3CF4735-DA9E-4B97-98DB-0F70C8CEF5D4}.Release|x86.ActiveCfg = Release|Any CPU
		{A3CF4735-DA9E-4B97-98DB-0F70C8CEF5D4}.Release|x86.Build.0 = Release|Any CPU
		{A3CF4735-DA9E-4B97-98DB-0F70C8CEF5D4}.Release|x86.Deploy.0 = Release|Any CPU
		{8642CD3A-B1EB-4C56-8FAE-D84E90AA0BE7}.Debug|Any CPU.ActiveCfg = Debug|iPhoneSimulator
		{8642CD3A-B1EB-4C56-8FAE-D84E90AA0BE7}.Debug|Any CPU.Build.0 = Debug|iPhoneSimulator
		{8642CD3A-B1EB-4C56-8FAE-D84E90AA0BE7}.Debug|Any CPU.Deploy.0 = Debug|iPhoneSimulator
		{8642CD3A-B1EB-4C56-8FAE-D84E90AA0BE7}.Debug|ARM.ActiveCfg = Debug|iPhone
		{8642CD3A-B1EB-4C56-8FAE-D84E90AA0BE7}.Debug|ARM.Build.0 = Debug|iPhone
		{8642CD3A-B1EB-4C56-8FAE-D84E90AA0BE7}.Debug|ARM.Deploy.0 = Debug|iPhone
		{8642CD3A-B1EB-4C56-8FAE-D84E90AA0BE7}.Debug|iPhone.ActiveCfg = Debug|iPhone
		{8642CD3A-B1EB-4C56-8FAE-D84E90AA0BE7}.Debug|iPhone.Build.0 = Debug|iPhone
		{8642CD3A-B1EB-4C56-8FAE-D84E90AA0BE7}.Debug|iPhone.Deploy.0 = Debug|iPhone
		{8642CD3A-B1EB-4C56-8FAE-D84E90AA0BE7}.Debug|iPhoneSimulator.ActiveCfg = Debug|iPhoneSimulator
		{8642CD3A-B1EB-4C56-8FAE-D84E90AA0BE7}.Debug|iPhoneSimulator.Build.0 = Debug|iPhoneSimulator
		{8642CD3A-B1EB-4C56-8FAE-D84E90AA0BE7}.Debug|iPhoneSimulator.Deploy.0 = Debug|iPhoneSimulator
		{8642CD3A-B1EB-4C56-8FAE-D84E90AA0BE7}.Debug|x64.ActiveCfg = Debug|iPhoneSimulator
		{8642CD3A-B1EB-4C56-8FAE-D84E90AA0BE7}.Debug|x64.Build.0 = Debug|iPhoneSimulator
		{8642CD3A-B1EB-4C56-8FAE-D84E90AA0BE7}.Debug|x64.Deploy.0 = Debug|iPhoneSimulator
		{8642CD3A-B1EB-4C56-8FAE-D84E90AA0BE7}.Debug|x86.ActiveCfg = Debug|iPhoneSimulator
		{8642CD3A-B1EB-4C56-8FAE-D84E90AA0BE7}.Debug|x86.Build.0 = Debug|iPhoneSimulator
		{8642CD3A-B1EB-4C56-8FAE-D84E90AA0BE7}.Debug|x86.Deploy.0 = Debug|iPhoneSimulator
		{8642CD3A-B1EB-4C56-8FAE-D84E90AA0BE7}.Release|Any CPU.ActiveCfg = Release|iPhoneSimulator
		{8642CD3A-B1EB-4C56-8FAE-D84E90AA0BE7}.Release|Any CPU.Build.0 = Release|iPhoneSimulator
		{8642CD3A-B1EB-4C56-8FAE-D84E90AA0BE7}.Release|Any CPU.Deploy.0 = Release|iPhoneSimulator
		{8642CD3A-B1EB-4C56-8FAE-D84E90AA0BE7}.Release|ARM.ActiveCfg = Release|iPhoneSimulator
		{8642CD3A-B1EB-4C56-8FAE-D84E90AA0BE7}.Release|ARM.Build.0 = Release|iPhoneSimulator
		{8642CD3A-B1EB-4C56-8FAE-D84E90AA0BE7}.Release|ARM.Deploy.0 = Release|iPhoneSimulator
		{8642CD3A-B1EB-4C56-8FAE-D84E90AA0BE7}.Release|iPhone.ActiveCfg = Release|iPhone
		{8642CD3A-B1EB-4C56-8FAE-D84E90AA0BE7}.Release|iPhone.Build.0 = Release|iPhone
		{8642CD3A-B1EB-4C56-8FAE-D84E90AA0BE7}.Release|iPhone.Deploy.0 = Release|iPhone
		{8642CD3A-B1EB-4C56-8FAE-D84E90AA0BE7}.Release|iPhoneSimulator.ActiveCfg = Release|iPhoneSimulator
		{8642CD3A-B1EB-4C56-8FAE-D84E90AA0BE7}.Release|iPhoneSimulator.Build.0 = Release|iPhoneSimulator
		{8642CD3A-B1EB-4C56-8FAE-D84E90AA0BE7}.Release|iPhoneSimulator.Deploy.0 = Release|iPhoneSimulator
		{8642CD3A-B1EB-4C56-8FAE-D84E90AA0BE7}.Release|x64.ActiveCfg = Release|iPhoneSimulator
		{8642CD3A-B1EB-4C56-8FAE-D84E90AA0BE7}.Release|x64.Build.0 = Release|iPhoneSimulator
		{8642CD3A-B1EB-4C56-8FAE-D84E90AA0BE7}.Release|x64.Deploy.0 = Release|iPhoneSimulator
		{8642CD3A-B1EB-4C56-8FAE-D84E90AA0BE7}.Release|x86.ActiveCfg = Release|iPhoneSimulator
		{8642CD3A-B1EB-4C56-8FAE-D84E90AA0BE7}.Release|x86.Build.0 = Release|iPhoneSimulator
		{8642CD3A-B1EB-4C56-8FAE-D84E90AA0BE7}.Release|x86.Deploy.0 = Release|iPhoneSimulator
		{DE14C05B-CAA4-4F6B-89D7-59E0150750C4}.Debug|Any CPU.ActiveCfg = Debug|Any CPU
		{DE14C05B-CAA4-4F6B-89D7-59E0150750C4}.Debug|Any CPU.Build.0 = Debug|Any CPU
		{DE14C05B-CAA4-4F6B-89D7-59E0150750C4}.Debug|Any CPU.Deploy.0 = Debug|Any CPU
		{DE14C05B-CAA4-4F6B-89D7-59E0150750C4}.Debug|ARM.ActiveCfg = Debug|Any CPU
		{DE14C05B-CAA4-4F6B-89D7-59E0150750C4}.Debug|ARM.Build.0 = Debug|Any CPU
		{DE14C05B-CAA4-4F6B-89D7-59E0150750C4}.Debug|ARM.Deploy.0 = Debug|Any CPU
		{DE14C05B-CAA4-4F6B-89D7-59E0150750C4}.Debug|iPhone.ActiveCfg = Debug|Any CPU
		{DE14C05B-CAA4-4F6B-89D7-59E0150750C4}.Debug|iPhone.Build.0 = Debug|Any CPU
		{DE14C05B-CAA4-4F6B-89D7-59E0150750C4}.Debug|iPhone.Deploy.0 = Debug|Any CPU
		{DE14C05B-CAA4-4F6B-89D7-59E0150750C4}.Debug|iPhoneSimulator.ActiveCfg = Debug|Any CPU
		{DE14C05B-CAA4-4F6B-89D7-59E0150750C4}.Debug|iPhoneSimulator.Build.0 = Debug|Any CPU
		{DE14C05B-CAA4-4F6B-89D7-59E0150750C4}.Debug|iPhoneSimulator.Deploy.0 = Debug|Any CPU
		{DE14C05B-CAA4-4F6B-89D7-59E0150750C4}.Debug|x64.ActiveCfg = Debug|Any CPU
		{DE14C05B-CAA4-4F6B-89D7-59E0150750C4}.Debug|x64.Build.0 = Debug|Any CPU
		{DE14C05B-CAA4-4F6B-89D7-59E0150750C4}.Debug|x64.Deploy.0 = Debug|Any CPU
		{DE14C05B-CAA4-4F6B-89D7-59E0150750C4}.Debug|x86.ActiveCfg = Debug|Any CPU
		{DE14C05B-CAA4-4F6B-89D7-59E0150750C4}.Debug|x86.Build.0 = Debug|Any CPU
		{DE14C05B-CAA4-4F6B-89D7-59E0150750C4}.Debug|x86.Deploy.0 = Debug|Any CPU
		{DE14C05B-CAA4-4F6B-89D7-59E0150750C4}.Release|Any CPU.ActiveCfg = Release|Any CPU
		{DE14C05B-CAA4-4F6B-89D7-59E0150750C4}.Release|Any CPU.Build.0 = Release|Any CPU
		{DE14C05B-CAA4-4F6B-89D7-59E0150750C4}.Release|Any CPU.Deploy.0 = Release|Any CPU
		{DE14C05B-CAA4-4F6B-89D7-59E0150750C4}.Release|ARM.ActiveCfg = Release|Any CPU
		{DE14C05B-CAA4-4F6B-89D7-59E0150750C4}.Release|ARM.Build.0 = Release|Any CPU
		{DE14C05B-CAA4-4F6B-89D7-59E0150750C4}.Release|ARM.Deploy.0 = Release|Any CPU
		{DE14C05B-CAA4-4F6B-89D7-59E0150750C4}.Release|iPhone.ActiveCfg = Release|Any CPU
		{DE14C05B-CAA4-4F6B-89D7-59E0150750C4}.Release|iPhone.Build.0 = Release|Any CPU
		{DE14C05B-CAA4-4F6B-89D7-59E0150750C4}.Release|iPhone.Deploy.0 = Release|Any CPU
		{DE14C05B-CAA4-4F6B-89D7-59E0150750C4}.Release|iPhoneSimulator.ActiveCfg = Release|Any CPU
		{DE14C05B-CAA4-4F6B-89D7-59E0150750C4}.Release|iPhoneSimulator.Build.0 = Release|Any CPU
		{DE14C05B-CAA4-4F6B-89D7-59E0150750C4}.Release|iPhoneSimulator.Deploy.0 = Release|Any CPU
		{DE14C05B-CAA4-4F6B-89D7-59E0150750C4}.Release|x64.ActiveCfg = Release|Any CPU
		{DE14C05B-CAA4-4F6B-89D7-59E0150750C4}.Release|x64.Build.0 = Release|Any CPU
		{DE14C05B-CAA4-4F6B-89D7-59E0150750C4}.Release|x64.Deploy.0 = Release|Any CPU
		{DE14C05B-CAA4-4F6B-89D7-59E0150750C4}.Release|x86.ActiveCfg = Release|Any CPU
		{DE14C05B-CAA4-4F6B-89D7-59E0150750C4}.Release|x86.Build.0 = Release|Any CPU
		{DE14C05B-CAA4-4F6B-89D7-59E0150750C4}.Release|x86.Deploy.0 = Release|Any CPU
	EndGlobalSection
	GlobalSection(SolutionProperties) = preSolution
		HideSolutionNode = FALSE
	EndGlobalSection
	GlobalSection(ExtensibilityGlobals) = postSolution
		SolutionGuid = {90B77388-CA08-4C6A-8152-50214D2C4D9B}
	EndGlobalSection
EndGlobal
